// !$*UTF8*$!
{
	archiveVersion = 1;
	classes = {
	};
	objectVersion = 46;
	objects = {

/* Begin PBXGroup section */
		C9783EA1135A62F000AA380D = {
			isa = PBXGroup;
			children = (
			);
			sourceTree = "<group>";
		};
/* End PBXGroup section */

/* Begin PBXProject section */
		C9783EA3135A62F000AA380D /* Project object */ = {
			isa = PBXProject;
			attributes = {
				ORGANIZATIONNAME = "Matt Rubin";
			};
			buildConfigurationList = C9783EA6135A62F000AA380D /* Build configuration list for PBXProject "Gambit" */;
			compatibilityVersion = "Xcode 3.2";
			developmentRegion = English;
			hasScannedForEncodings = 0;
			knownRegions = (
				en,
			);
			mainGroup = C9783EA1135A62F000AA380D;
			projectDirPath = "";
			projectRoot = "";
			targets = (
			);
		};
/* End PBXProject section */

/* Begin XCBuildConfiguration section */
		C9783EA8135A62F100AA380D /* Debug */ = {
			isa = XCBuildConfiguration;
			buildSettings = {
			};
			name = Debug;
		};
		C9783EA9135A62F100AA380D /* Release */ = {
			isa = XCBuildConfiguration;
			buildSettings = {
			};
			name = Release;
		};
/* End XCBuildConfiguration section */

/* Begin XCConfigurationList section */
		C9783EA6135A62F000AA380D /* Build configuration list for PBXProject "Gambit" */ = {
			isa = XCConfigurationList;
			buildConfigurations = (
				C9783EA8135A62F100AA380D /* Debug */,
				C9783EA9135A62F100AA380D /* Release */,
			);
			defaultConfigurationIsVisible = 0;
			defaultConfigurationName = Release;
		};
/* End XCConfigurationList section */
	};
	rootObject = C9783EA3135A62F000AA380D /* Project object */;
}
